// !$*UTF8*$!
{
	archiveVersion = 1;
	classes = {
	};
	objectVersion = 46;
	objects = {

/* Begin PBXBuildFile section */
		9ABDD4671CB311C600AD9F72 /* AppDelegate.swift in Sources */ = {isa = PBXBuildFile; fileRef = 9ABDD4661CB311C600AD9F72 /* AppDelegate.swift */; };
		9ABDD4691CB311C600AD9F72 /* ViewController.swift in Sources */ = {isa = PBXBuildFile; fileRef = 9ABDD4681CB311C600AD9F72 /* ViewController.swift */; };
		9ABDD46C1CB311C600AD9F72 /* Main.storyboard in Resources */ = {isa = PBXBuildFile; fileRef = 9ABDD46A1CB311C600AD9F72 /* Main.storyboard */; };
		9ABDD46E1CB311C600AD9F72 /* Assets.xcassets in Resources */ = {isa = PBXBuildFile; fileRef = 9ABDD46D1CB311C600AD9F72 /* Assets.xcassets */; };
		9ABDD4711CB311C600AD9F72 /* LaunchScreen.storyboard in Resources */ = {isa = PBXBuildFile; fileRef = 9ABDD46F1CB311C600AD9F72 /* LaunchScreen.storyboard */; };
		9ABDD47C1CB311C600AD9F72 /* CellScrollTests.swift in Sources */ = {isa = PBXBuildFile; fileRef = 9ABDD47B1CB311C600AD9F72 /* CellScrollTests.swift */; };
		9ABDD4871CB311C600AD9F72 /* CellScrollUITests.swift in Sources */ = {isa = PBXBuildFile; fileRef = 9ABDD4861CB311C600AD9F72 /* CellScrollUITests.swift */; };
/* End PBXBuildFile section */

/* Begin PBXContainerItemProxy section */
		9ABDD4781CB311C600AD9F72 /* PBXContainerItemProxy */ = {
			isa = PBXContainerItemProxy;
			containerPortal = 9ABDD45B1CB311C600AD9F72 /* Project object */;
			proxyType = 1;
			remoteGlobalIDString = 9ABDD4621CB311C600AD9F72;
			remoteInfo = CellScroll;
		};
		9ABDD4831CB311C600AD9F72 /* PBXContainerItemProxy */ = {
			isa = PBXContainerItemProxy;
			containerPortal = 9ABDD45B1CB311C600AD9F72 /* Project object */;
			proxyType = 1;
			remoteGlobalIDString = 9ABDD4621CB311C600AD9F72;
			remoteInfo = CellScroll;
		};
/* End PBXContainerItemProxy section */

/* Begin PBXFileReference section */
		9ABDD4631CB311C600AD9F72 /* CellScroll.app */ = {isa = PBXFileReference; explicitFileType = wrapper.application; includeInIndex = 0; path = CellScroll.app; sourceTree = BUILT_PRODUCTS_DIR; };
		9ABDD4661CB311C600AD9F72 /* AppDelegate.swift */ = {isa = PBXFileReference; lastKnownFileType = sourcecode.swift; path = AppDelegate.swift; sourceTree = "<group>"; };
		9ABDD4681CB311C600AD9F72 /* ViewController.swift */ = {isa = PBXFileReference; lastKnownFileType = sourcecode.swift; path = ViewController.swift; sourceTree = "<group>"; };
		9ABDD46B1CB311C600AD9F72 /* Base */ = {isa = PBXFileReference; lastKnownFileType = file.storyboard; name = Base; path = Base.lproj/Main.storyboard; sourceTree = "<group>"; };
		9ABDD46D1CB311C600AD9F72 /* Assets.xcassets */ = {isa = PBXFileReference; lastKnownFileType = folder.assetcatalog; path = Assets.xcassets; sourceTree = "<group>"; };
		9ABDD4701CB311C600AD9F72 /* Base */ = {isa = PBXFileReference; lastKnownFileType = file.storyboard; name = Base; path = Base.lproj/LaunchScreen.storyboard; sourceTree = "<group>"; };
		9ABDD4721CB311C600AD9F72 /* Info.plist */ = {isa = PBXFileReference; lastKnownFileType = text.plist.xml; path = Info.plist; sourceTree = "<group>"; };
		9ABDD4771CB311C600AD9F72 /* CellScrollTests.xctest */ = {isa = PBXFileReference; explicitFileType = wrapper.cfbundle; includeInIndex = 0; path = CellScrollTests.xctest; sourceTree = BUILT_PRODUCTS_DIR; };
		9ABDD47B1CB311C600AD9F72 /* CellScrollTests.swift */ = {isa = PBXFileReference; lastKnownFileType = sourcecode.swift; path = CellScrollTests.swift; sourceTree = "<group>"; };
		9ABDD47D1CB311C600AD9F72 /* Info.plist */ = {isa = PBXFileReference; lastKnownFileType = text.plist.xml; path = Info.plist; sourceTree = "<group>"; };
		9ABDD4821CB311C600AD9F72 /* CellScrollUITests.xctest */ = {isa = PBXFileReference; explicitFileType = wrapper.cfbundle; includeInIndex = 0; path = CellScrollUITests.xctest; sourceTree = BUILT_PRODUCTS_DIR; };
		9ABDD4861CB311C600AD9F72 /* CellScrollUITests.swift */ = {isa = PBXFileReference; lastKnownFileType = sourcecode.swift; path = CellScrollUITests.swift; sourceTree = "<group>"; };
		9ABDD4881CB311C600AD9F72 /* Info.plist */ = {isa = PBXFileReference; lastKnownFileType = text.plist.xml; path = Info.plist; sourceTree = "<group>"; };
/* End PBXFileReference section */

/* Begin PBXFrameworksBuildPhase section */
		9ABDD4601CB311C600AD9F72 /* Frameworks */ = {
			isa = PBXFrameworksBuildPhase;
			buildActionMask = 2147483647;
			files = (
			);
			runOnlyForDeploymentPostprocessing = 0;
		};
		9ABDD4741CB311C600AD9F72 /* Frameworks */ = {
			isa = PBXFrameworksBuildPhase;
			buildActionMask = 2147483647;
			files = (
			);
			runOnlyForDeploymentPostprocessing = 0;
		};
		9ABDD47F1CB311C600AD9F72 /* Frameworks */ = {
			isa = PBXFrameworksBuildPhase;
			buildActionMask = 2147483647;
			files = (
			);
			runOnlyForDeploymentPostprocessing = 0;
		};
/* End PBXFrameworksBuildPhase section */

/* Begin PBXGroup section */
		9ABDD45A1CB311C600AD9F72 = {
			isa = PBXGroup;
			children = (
				9ABDD4651CB311C600AD9F72 /* CellScroll */,
				9ABDD47A1CB311C600AD9F72 /* CellScrollTests */,
				9ABDD4851CB311C600AD9F72 /* CellScrollUITests */,
				9ABDD4641CB311C600AD9F72 /* Products */,
			);
			sourceTree = "<group>";
		};
		9ABDD4641CB311C600AD9F72 /* Products */ = {
			isa = PBXGroup;
			children = (
				9ABDD4631CB311C600AD9F72 /* CellScroll.app */,
				9ABDD4771CB311C600AD9F72 /* CellScrollTests.xctest */,
				9ABDD4821CB311C600AD9F72 /* CellScrollUITests.xctest */,
			);
			name = Products;
			sourceTree = "<group>";
		};
		9ABDD4651CB311C600AD9F72 /* CellScroll */ = {
			isa = PBXGroup;
			children = (
				9ABDD4661CB311C600AD9F72 /* AppDelegate.swift */,
				9ABDD4681CB311C600AD9F72 /* ViewController.swift */,
				9ABDD46A1CB311C600AD9F72 /* Main.storyboard */,
				9ABDD46D1CB311C600AD9F72 /* Assets.xcassets */,
				9ABDD46F1CB311C600AD9F72 /* LaunchScreen.storyboard */,
				9ABDD4721CB311C600AD9F72 /* Info.plist */,
			);
			path = CellScroll;
			sourceTree = "<group>";
		};
		9ABDD47A1CB311C600AD9F72 /* CellScrollTests */ = {
			isa = PBXGroup;
			children = (
				9ABDD47B1CB311C600AD9F72 /* CellScrollTests.swift */,
				9ABDD47D1CB311C600AD9F72 /* Info.plist */,
			);
			path = CellScrollTests;
			sourceTree = "<group>";
		};
		9ABDD4851CB311C600AD9F72 /* CellScrollUITests */ = {
			isa = PBXGroup;
			children = (
				9ABDD4861CB311C600AD9F72 /* CellScrollUITests.swift */,
				9ABDD4881CB311C600AD9F72 /* Info.plist */,
			);
			path = CellScrollUITests;
			sourceTree = "<group>";
		};
/* End PBXGroup section */

/* Begin PBXNativeTarget section */
		9ABDD4621CB311C600AD9F72 /* CellScroll */ = {
			isa = PBXNativeTarget;
			buildConfigurationList = 9ABDD48B1CB311C600AD9F72 /* Build configuration list for PBXNativeTarget "CellScroll" */;
			buildPhases = (
				9ABDD45F1CB311C600AD9F72 /* Sources */,
				9ABDD4601CB311C600AD9F72 /* Frameworks */,
				9ABDD4611CB311C600AD9F72 /* Resources */,
			);
			buildRules = (
			);
			dependencies = (
			);
			name = CellScroll;
			productName = CellScroll;
			productReference = 9ABDD4631CB311C600AD9F72 /* CellScroll.app */;
			productType = "com.apple.product-type.application";
		};
		9ABDD4761CB311C600AD9F72 /* CellScrollTests */ = {
			isa = PBXNativeTarget;
			buildConfigurationList = 9ABDD48E1CB311C600AD9F72 /* Build configuration list for PBXNativeTarget "CellScrollTests" */;
			buildPhases = (
				9ABDD4731CB311C600AD9F72 /* Sources */,
				9ABDD4741CB311C600AD9F72 /* Frameworks */,
				9ABDD4751CB311C600AD9F72 /* Resources */,
			);
			buildRules = (
			);
			dependencies = (
				9ABDD4791CB311C600AD9F72 /* PBXTargetDependency */,
			);
			name = CellScrollTests;
			productName = CellScrollTests;
			productReference = 9ABDD4771CB311C600AD9F72 /* CellScrollTests.xctest */;
			productType = "com.apple.product-type.bundle.unit-test";
		};
		9ABDD4811CB311C600AD9F72 /* CellScrollUITests */ = {
			isa = PBXNativeTarget;
			buildConfigurationList = 9ABDD4911CB311C600AD9F72 /* Build configuration list for PBXNativeTarget "CellScrollUITests" */;
			buildPhases = (
				9ABDD47E1CB311C600AD9F72 /* Sources */,
				9ABDD47F1CB311C600AD9F72 /* Frameworks */,
				9ABDD4801CB311C600AD9F72 /* Resources */,
			);
			buildRules = (
			);
			dependencies = (
				9ABDD4841CB311C600AD9F72 /* PBXTargetDependency */,
			);
			name = CellScrollUITests;
			productName = CellScrollUITests;
			productReference = 9ABDD4821CB311C600AD9F72 /* CellScrollUITests.xctest */;
			productType = "com.apple.product-type.bundle.ui-testing";
		};
/* End PBXNativeTarget section */

/* Begin PBXProject section */
		9ABDD45B1CB311C600AD9F72 /* Project object */ = {
			isa = PBXProject;
			attributes = {
				LastSwiftUpdateCheck = 0720;
				LastUpgradeCheck = 0720;
				ORGANIZATIONNAME = Karin;
				TargetAttributes = {
					9ABDD4621CB311C600AD9F72 = {
						CreatedOnToolsVersion = 7.2.1;
					};
					9ABDD4761CB311C600AD9F72 = {
						CreatedOnToolsVersion = 7.2.1;
						TestTargetID = 9ABDD4621CB311C600AD9F72;
					};
					9ABDD4811CB311C600AD9F72 = {
						CreatedOnToolsVersion = 7.2.1;
						TestTargetID = 9ABDD4621CB311C600AD9F72;
					};
				};
			};
			buildConfigurationList = 9ABDD45E1CB311C600AD9F72 /* Build configuration list for PBXProject "CellScroll" */;
			compatibilityVersion = "Xcode 3.2";
			developmentRegion = English;
			hasScannedForEncodings = 0;
			knownRegions = (
				en,
				Base,
			);
			mainGroup = 9ABDD45A1CB311C600AD9F72;
			productRefGroup = 9ABDD4641CB311C600AD9F72 /* Products */;
			projectDirPath = "";
			projectRoot = "";
			targets = (
				9ABDD4621CB311C600AD9F72 /* CellScroll */,
				9ABDD4761CB311C600AD9F72 /* CellScrollTests */,
				9ABDD4811CB311C600AD9F72 /* CellScrollUITests */,
			);
		};
/* End PBXProject section */

/* Begin PBXResourcesBuildPhase section */
		9ABDD4611CB311C600AD9F72 /* Resources */ = {
			isa = PBXResourcesBuildPhase;
			buildActionMask = 2147483647;
			files = (
				9ABDD4711CB311C600AD9F72 /* LaunchScreen.storyboard in Resources */,
				9ABDD46E1CB311C600AD9F72 /* Assets.xcassets in Resources */,
				9ABDD46C1CB311C600AD9F72 /* Main.storyboard in Resources */,
			);
			runOnlyForDeploymentPostprocessing = 0;
		};
		9ABDD4751CB311C600AD9F72 /* Resources */ = {
			isa = PBXResourcesBuildPhase;
			buildActionMask = 2147483647;
			files = (
			);
			runOnlyForDeploymentPostprocessing = 0;
		};
		9ABDD4801CB311C600AD9F72 /* Resources */ = {
			isa = PBXResourcesBuildPhase;
			buildActionMask = 2147483647;
			files = (
			);
			runOnlyForDeploymentPostprocessing = 0;
		};
/* End PBXResourcesBuildPhase section */

/* Begin PBXSourcesBuildPhase section */
		9ABDD45F1CB311C600AD9F72 /* Sources */ = {
			isa = PBXSourcesBuildPhase;
			buildActionMask = 2147483647;
			files = (
				9ABDD4691CB311C600AD9F72 /* ViewController.swift in Sources */,
				9ABDD4671CB311C600AD9F72 /* AppDelegate.swift in Sources */,
			);
			runOnlyForDeploymentPostprocessing = 0;
		};
		9ABDD4731CB311C600AD9F72 /* Sources */ = {
			isa = PBXSourcesBuildPhase;
			buildActionMask = 2147483647;
			files = (
				9ABDD47C1CB311C600AD9F72 /* CellScrollTests.swift in Sources */,
			);
			runOnlyForDeploymentPostprocessing = 0;
		};
		9ABDD47E1CB311C600AD9F72 /* Sources */ = {
			isa = PBXSourcesBuildPhase;
			buildActionMask = 2147483647;
			files = (
				9ABDD4871CB311C600AD9F72 /* CellScrollUITests.swift in Sources */,
			);
			runOnlyForDeploymentPostprocessing = 0;
		};
/* End PBXSourcesBuildPhase section */

/* Begin PBXTargetDependency section */
		9ABDD4791CB311C600AD9F72 /* PBXTargetDependency */ = {
			isa = PBXTargetDependency;
			target = 9ABDD4621CB311C600AD9F72 /* CellScroll */;
			targetProxy = 9ABDD4781CB311C600AD9F72 /* PBXContainerItemProxy */;
		};
		9ABDD4841CB311C600AD9F72 /* PBXTargetDependency */ = {
			isa = PBXTargetDependency;
			target = 9ABDD4621CB311C600AD9F72 /* CellScroll */;
			targetProxy = 9ABDD4831CB311C600AD9F72 /* PBXContainerItemProxy */;
		};
/* End PBXTargetDependency section */

/* Begin PBXVariantGroup section */
		9ABDD46A1CB311C600AD9F72 /* Main.storyboard */ = {
			isa = PBXVariantGroup;
			children = (
				9ABDD46B1CB311C600AD9F72 /* Base */,
			);
			name = Main.storyboard;
			sourceTree = "<group>";
		};
		9ABDD46F1CB311C600AD9F72 /* LaunchScreen.storyboard */ = {
			isa = PBXVariantGroup;
			children = (
				9ABDD4701CB311C600AD9F72 /* Base */,
			);
			name = LaunchScreen.storyboard;
			sourceTree = "<group>";
		};
/* End PBXVariantGroup section */

/* Begin XCBuildConfiguration section */
		9ABDD4891CB311C600AD9F72 /* Debug */ = {
			isa = XCBuildConfiguration;
			buildSettings = {
				ALWAYS_SEARCH_USER_PATHS = NO;
				CLANG_CXX_LANGUAGE_STANDARD = "gnu++0x";
				CLANG_CXX_LIBRARY = "libc++";
				CLANG_ENABLE_MODULES = YES;
				CLANG_ENABLE_OBJC_ARC = YES;
				CLANG_WARN_BOOL_CONVERSION = YES;
				CLANG_WARN_CONSTANT_CONVERSION = YES;
				CLANG_WARN_DIRECT_OBJC_ISA_USAGE = YES_ERROR;
				CLANG_WARN_EMPTY_BODY = YES;
				CLANG_WARN_ENUM_CONVERSION = YES;
				CLANG_WARN_INT_CONVERSION = YES;
				CLANG_WARN_OBJC_ROOT_CLASS = YES_ERROR;
				CLANG_WARN_UNREACHABLE_CODE = YES;
				CLANG_WARN__DUPLICATE_METHOD_MATCH = YES;
				"CODE_SIGN_IDENTITY[sdk=iphoneos*]" = "iPhone Developer";
				COPY_PHASE_STRIP = NO;
				DEBUG_INFORMATION_FORMAT = dwarf;
				ENABLE_STRICT_OBJC_MSGSEND = YES;
				ENABLE_TESTABILITY = YES;
				GCC_C_LANGUAGE_STANDARD = gnu99;
				GCC_DYNAMIC_NO_PIC = NO;
				GCC_NO_COMMON_BLOCKS = YES;
				GCC_OPTIMIZATION_LEVEL = 0;
				GCC_PREPROCESSOR_DEFINITIONS = (
					"DEBUG=1",
					"$(inherited)",
				);
				GCC_WARN_64_TO_32_BIT_CONVERSION = YES;
				GCC_WARN_ABOUT_RETURN_TYPE = YES_ERROR;
				GCC_WARN_UNDECLARED_SELECTOR = YES;
				GCC_WARN_UNINITIALIZED_AUTOS = YES_AGGRESSIVE;
				GCC_WARN_UNUSED_FUNCTION = YES;
				GCC_WARN_UNUSED_VARIABLE = YES;
				IPHONEOS_DEPLOYMENT_TARGET = 9.2;
				MTL_ENABLE_DEBUG_INFO = YES;
				ONLY_ACTIVE_ARCH = YES;
				SDKROOT = iphoneos;
				SWIFT_OPTIMIZATION_LEVEL = "-Onone";
			};
			name = Debug;
		};
		9ABDD48A1CB311C600AD9F72 /* Release */ = {
			isa = XCBuildConfiguration;
			buildSettings = {
				ALWAYS_SEARCH_USER_PATHS = NO;
				CLANG_CXX_LANGUAGE_STANDARD = "gnu++0x";
				CLANG_CXX_LIBRARY = "libc++";
				CLANG_ENABLE_MODULES = YES;
				CLANG_ENABLE_OBJC_ARC = YES;
				CLANG_WARN_BOOL_CONVERSION = YES;
				CLANG_WARN_CONSTANT_CONVERSION = YES;
				CLANG_WARN_DIRECT_OBJC_ISA_USAGE = YES_ERROR;
				CLANG_WARN_EMPTY_BODY = YES;
				CLANG_WARN_ENUM_CONVERSION = YES;
				CLANG_WARN_INT_CONVERSION = YES;
				CLANG_WARN_OBJC_ROOT_CLASS = YES_ERROR;
				CLANG_WARN_UNREACHABLE_CODE = YES;
				CLANG_WARN__DUPLICATE_METHOD_MATCH = YES;
				"CODE_SIGN_IDENTITY[sdk=iphoneos*]" = "iPhone Developer";
				COPY_PHASE_STRIP = NO;
				DEBUG_INFORMATION_FORMAT = "dwarf-with-dsym";
				ENABLE_NS_ASSERTIONS = NO;
				ENABLE_STRICT_OBJC_MSGSEND = YES;
				GCC_C_LANGUAGE_STANDARD = gnu99;
				GCC_NO_COMMON_BLOCKS = YES;
				GCC_WARN_64_TO_32_BIT_CONVERSION = YES;
				GCC_WARN_ABOUT_RETURN_TYPE = YES_ERROR;
				GCC_WARN_UNDECLARED_SELECTOR = YES;
				GCC_WARN_UNINITIALIZED_AUTOS = YES_AGGRESSIVE;
				GCC_WARN_UNUSED_FUNCTION = YES;
				GCC_WARN_UNUSED_VARIABLE = YES;
				IPHONEOS_DEPLOYMENT_TARGET = 9.2;
				MTL_ENABLE_DEBUG_INFO = NO;
				SDKROOT = iphoneos;
				VALIDATE_PRODUCT = YES;
			};
			name = Release;
		};
		9ABDD48C1CB311C600AD9F72 /* Debug */ = {
			isa = XCBuildConfiguration;
			buildSettings = {
				ASSETCATALOG_COMPILER_APPICON_NAME = AppIcon;
				INFOPLIST_FILE = CellScroll/Info.plist;
				LD_RUNPATH_SEARCH_PATHS = "$(inherited) @executable_path/Frameworks";
				PRODUCT_BUNDLE_IDENTIFIER = com.karin.CellScroll;
				PRODUCT_NAME = "$(TARGET_NAME)";
			};
			name = Debug;
		};
		9ABDD48D1CB311C600AD9F72 /* Release */ = {
			isa = XCBuildConfiguration;
			buildSettings = {
				ASSETCATALOG_COMPILER_APPICON_NAME = AppIcon;
				INFOPLIST_FILE = CellScroll/Info.plist;
				LD_RUNPATH_SEARCH_PATHS = "$(inherited) @executable_path/Frameworks";
				PRODUCT_BUNDLE_IDENTIFIER = com.karin.CellScroll;
				PRODUCT_NAME = "$(TARGET_NAME)";
			};
			name = Release;
		};
		9ABDD48F1CB311C600AD9F72 /* Debug */ = {
			isa = XCBuildConfiguration;
			buildSettings = {
				BUNDLE_LOADER = "$(TEST_HOST)";
				INFOPLIST_FILE = CellScrollTests/Info.plist;
				LD_RUNPATH_SEARCH_PATHS = "$(inherited) @executable_path/Frameworks @loader_path/Frameworks";
				PRODUCT_BUNDLE_IDENTIFIER = com.karin.CellScrollTests;
				PRODUCT_NAME = "$(TARGET_NAME)";
				TEST_HOST = "$(BUILT_PRODUCTS_DIR)/CellScroll.app/CellScroll";
			};
			name = Debug;
		};
		9ABDD4901CB311C600AD9F72 /* Release */ = {
			isa = XCBuildConfiguration;
			buildSettings = {
				BUNDLE_LOADER = "$(TEST_HOST)";
				INFOPLIST_FILE = CellScrollTests/Info.plist;
				LD_RUNPATH_SEARCH_PATHS = "$(inherited) @executable_path/Frameworks @loader_path/Frameworks";
				PRODUCT_BUNDLE_IDENTIFIER = com.karin.CellScrollTests;
				PRODUCT_NAME = "$(TARGET_NAME)";
				TEST_HOST = "$(BUILT_PRODUCTS_DIR)/CellScroll.app/CellScroll";
			};
			name = Release;
		};
		9ABDD4921CB311C600AD9F72 /* Debug */ = {
			isa = XCBuildConfiguration;
			buildSettings = {
				INFOPLIST_FILE = CellScrollUITests/Info.plist;
				LD_RUNPATH_SEARCH_PATHS = "$(inherited) @executable_path/Frameworks @loader_path/Frameworks";
				PRODUCT_BUNDLE_IDENTIFIER = com.karin.CellScrollUITests;
				PRODUCT_NAME = "$(TARGET_NAME)";
				TEST_TARGET_NAME = CellScroll;
				USES_XCTRUNNER = YES;
			};
			name = Debug;
		};
		9ABDD4931CB311C600AD9F72 /* Release */ = {
			isa = XCBuildConfiguration;
			buildSettings = {
				INFOPLIST_FILE = CellScrollUITests/Info.plist;
				LD_RUNPATH_SEARCH_PATHS = "$(inherited) @executable_path/Frameworks @loader_path/Frameworks";
				PRODUCT_BUNDLE_IDENTIFIER = com.karin.CellScrollUITests;
				PRODUCT_NAME = "$(TARGET_NAME)";
				TEST_TARGET_NAME = CellScroll;
				USES_XCTRUNNER = YES;
			};
			name = Release;
		};
/* End XCBuildConfiguration section */

/* Begin XCConfigurationList section */
		9ABDD45E1CB311C600AD9F72 /* Build configuration list for PBXProject "CellScroll" */ = {
			isa = XCConfigurationList;
			buildConfigurations = (
				9ABDD4891CB311C600AD9F72 /* Debug */,
				9ABDD48A1CB311C600AD9F72 /* Release */,
			);
			defaultConfigurationIsVisible = 0;
			defaultConfigurationName = Release;
		};
		9ABDD48B1CB311C600AD9F72 /* Build configuration list for PBXNativeTarget "CellScroll" */ = {
			isa = XCConfigurationList;
			buildConfigurations = (
				9ABDD48C1CB311C600AD9F72 /* Debug */,
				9ABDD48D1CB311C600AD9F72 /* Release */,
			);
			defaultConfigurationIsVisible = 0;
		};
		9ABDD48E1CB311C600AD9F72 /* Build configuration list for PBXNativeTarget "CellScrollTests" */ = {
			isa = XCConfigurationList;
			buildConfigurations = (
				9ABDD48F1CB311C600AD9F72 /* Debug */,
				9ABDD4901CB311C600AD9F72 /* Release */,
			);
			defaultConfigurationIsVisible = 0;
		};
		9ABDD4911CB311C600AD9F72 /* Build configuration list for PBXNativeTarget "CellScrollUITests" */ = {
			isa = XCConfigurationList;
			buildConfigurations = (
				9ABDD4921CB311C600AD9F72 /* Debug */,
				9ABDD4931CB311C600AD9F72 /* Release */,
			);
			defaultConfigurationIsVisible = 0;
		};
/* End XCConfigurationList section */
	};
	rootObject = 9ABDD45B1CB311C600AD9F72 /* Project object */;
}
